// !$*UTF8*$!
{
	archiveVersion = 1;
	classes = {
	};
	objectVersion = 46;
	objects = {

/* Begin PBXBuildFile section */
		04151C0C1F28708B007D55C3 /* HomeTopicPhotosView.swift in Sources */ = {isa = PBXBuildFile; fileRef = 04151C0B1F28708B007D55C3 /* HomeTopicPhotosView.swift */; };
		04151C0E1F28E448007D55C3 /* MineViewController.xib in Resources */ = {isa = PBXBuildFile; fileRef = 04151C0D1F28E448007D55C3 /* MineViewController.xib */; };
		042840521F566F4900347215 /* UIColorExtenstion.swift in Sources */ = {isa = PBXBuildFile; fileRef = 042840511F566F4900347215 /* UIColorExtenstion.swift */; };
		042840541F5673B900347215 /* CommentPublishView.swift in Sources */ = {isa = PBXBuildFile; fileRef = 042840531F5673B900347215 /* CommentPublishView.swift */; };
		042840561F5673C400347215 /* CommentPublishView.xib in Resources */ = {isa = PBXBuildFile; fileRef = 042840551F5673C400347215 /* CommentPublishView.xib */; };
		042840581F5674CE00347215 /* NibCreatable.swift in Sources */ = {isa = PBXBuildFile; fileRef = 042840571F5674CE00347215 /* NibCreatable.swift */; };
		0428405A1F568C3B00347215 /* SMKTextView.swift in Sources */ = {isa = PBXBuildFile; fileRef = 042840591F568C3B00347215 /* SMKTextView.swift */; };
		0428405C1F56A33B00347215 /* User.swift in Sources */ = {isa = PBXBuildFile; fileRef = 0428405B1F56A33B00347215 /* User.swift */; };
		0468D58D1F29AB3500C08093 /* MineCellModel.swift in Sources */ = {isa = PBXBuildFile; fileRef = 0468D58C1F29AB3500C08093 /* MineCellModel.swift */; };
		0468D5901F29B22200C08093 /* MineCell.swift in Sources */ = {isa = PBXBuildFile; fileRef = 0468D58E1F29B22200C08093 /* MineCell.swift */; };
		0468D5911F29B22200C08093 /* MineCell.xib in Resources */ = {isa = PBXBuildFile; fileRef = 0468D58F1F29B22200C08093 /* MineCell.xib */; };
		047A153B1F2B16F000FD762F /* AnimatedTransitioning.swift in Sources */ = {isa = PBXBuildFile; fileRef = 047A15371F2B16F000FD762F /* AnimatedTransitioning.swift */; };
		047A153C1F2B16F000FD762F /* PresentationController.swift in Sources */ = {isa = PBXBuildFile; fileRef = 047A15381F2B16F000FD762F /* PresentationController.swift */; };
		047A153E1F2B16F000FD762F /* Transition.swift in Sources */ = {isa = PBXBuildFile; fileRef = 047A153A1F2B16F000FD762F /* Transition.swift */; };
		049D9CE01F556189007AFC45 /* Detail.swift in Sources */ = {isa = PBXBuildFile; fileRef = 049D9CDF1F556189007AFC45 /* Detail.swift */; };
		049D9CE21F557B9A007AFC45 /* NavigatorConfigurable.swift in Sources */ = {isa = PBXBuildFile; fileRef = 049D9CE11F557B9A007AFC45 /* NavigatorConfigurable.swift */; };
		04D5D7CE1F52C56C00F85919 /* SearchViewController.swift in Sources */ = {isa = PBXBuildFile; fileRef = 04D5D7CD1F52C56C00F85919 /* SearchViewController.swift */; };
		04D5D7D01F52C69800F85919 /* SearchNavigationView.swift in Sources */ = {isa = PBXBuildFile; fileRef = 04D5D7CF1F52C69800F85919 /* SearchNavigationView.swift */; };
		04D5D7D21F52CA3700F85919 /* SearchDefaultView.swift in Sources */ = {isa = PBXBuildFile; fileRef = 04D5D7D11F52CA3700F85919 /* SearchDefaultView.swift */; };
		04D5D7D41F52CA7900F85919 /* SearchDefaultView.xib in Resources */ = {isa = PBXBuildFile; fileRef = 04D5D7D31F52CA7900F85919 /* SearchDefaultView.xib */; };
		04D5D7D71F52D54800F85919 /* CheckTool.swift in Sources */ = {isa = PBXBuildFile; fileRef = 04D5D7D61F52D54800F85919 /* CheckTool.swift */; };
		04DE58DB1F205F3A005192B7 /* HomeCategory.swift in Sources */ = {isa = PBXBuildFile; fileRef = 04DE58DA1F205F3A005192B7 /* HomeCategory.swift */; };
		04DE58E21F2087B9005192B7 /* SEKNavigationView.swift in Sources */ = {isa = PBXBuildFile; fileRef = 04DE58E01F2087B9005192B7 /* SEKNavigationView.swift */; };
		04DE58E31F2087B9005192B7 /* SEKView+Frame.swift in Sources */ = {isa = PBXBuildFile; fileRef = 04DE58E11F2087B9005192B7 /* SEKView+Frame.swift */; };
		04DE58E51F20880B005192B7 /* SegmentBaseViewController.swift in Sources */ = {isa = PBXBuildFile; fileRef = 04DE58E41F20880B005192B7 /* SegmentBaseViewController.swift */; };
		04DE58E81F2095D5005192B7 /* TopicPageViewController.swift in Sources */ = {isa = PBXBuildFile; fileRef = 04DE58E61F2095D5005192B7 /* TopicPageViewController.swift */; };
		04DE58E91F2095D5005192B7 /* TopicPageViewController.xib in Resources */ = {isa = PBXBuildFile; fileRef = 04DE58E71F2095D5005192B7 /* TopicPageViewController.xib */; };
		04DE58EB1F20A2D4005192B7 /* HomeNavBarView.swift in Sources */ = {isa = PBXBuildFile; fileRef = 04DE58EA1F20A2D4005192B7 /* HomeNavBarView.swift */; };
		04DE58ED1F20A34B005192B7 /* HomeSearchBar.swift in Sources */ = {isa = PBXBuildFile; fileRef = 04DE58EC1F20A34B005192B7 /* HomeSearchBar.swift */; };
		04DE5AB61F20D9A0005192B7 /* HomeContent.swift in Sources */ = {isa = PBXBuildFile; fileRef = 04DE5AB51F20D9A0005192B7 /* HomeContent.swift */; };
		04DE5AB81F20DDC2005192B7 /* HomeTopicViewCell.swift in Sources */ = {isa = PBXBuildFile; fileRef = 04DE5AB71F20DDC2005192B7 /* HomeTopicViewCell.swift */; };
		04DE5ABA1F20E0E7005192B7 /* ViewConfigurable.swift in Sources */ = {isa = PBXBuildFile; fileRef = 04DE5AB91F20E0E7005192B7 /* ViewConfigurable.swift */; };
		04F5944F1F29CA98006B8D16 /* MineNoLoginHeaderView.swift in Sources */ = {isa = PBXBuildFile; fileRef = 04F5944E1F29CA98006B8D16 /* MineNoLoginHeaderView.swift */; };
		04F594511F29CAAF006B8D16 /* MineNoLoginHeaderView.xib in Resources */ = {isa = PBXBuildFile; fileRef = 04F594501F29CAAF006B8D16 /* MineNoLoginHeaderView.xib */; };
		04F594531F29CC5F006B8D16 /* MineHeaderButton.swift in Sources */ = {isa = PBXBuildFile; fileRef = 04F594521F29CC5F006B8D16 /* MineHeaderButton.swift */; };
		04F594561F29EBD9006B8D16 /* MoreLoginViewController.swift in Sources */ = {isa = PBXBuildFile; fileRef = 04F594541F29EBD9006B8D16 /* MoreLoginViewController.swift */; };
		04F594571F29EBD9006B8D16 /* MoreLoginViewController.xib in Resources */ = {isa = PBXBuildFile; fileRef = 04F594551F29EBD9006B8D16 /* MoreLoginViewController.xib */; };
		04F594591F2A152C006B8D16 /* CALayerExtenstion.swift in Sources */ = {isa = PBXBuildFile; fileRef = 04F594581F2A152C006B8D16 /* CALayerExtenstion.swift */; };
		04F9A7D01F1F6F4500B8ED40 /* Assets.xcassets in Resources */ = {isa = PBXBuildFile; fileRef = 04F9A7CA1F1F6F4500B8ED40 /* Assets.xcassets */; };
		04F9A7D81F1F729000B8ED40 /* AppDelegate.swift in Sources */ = {isa = PBXBuildFile; fileRef = 04F9A7D61F1F729000B8ED40 /* AppDelegate.swift */; };
		04F9A7D91F1F729000B8ED40 /* Info.plist in Resources */ = {isa = PBXBuildFile; fileRef = 04F9A7D71F1F729000B8ED40 /* Info.plist */; };
		04F9A8041F1F8F4100B8ED40 /* MainViewController.swift in Sources */ = {isa = PBXBuildFile; fileRef = 04F9A7F71F1F8F4100B8ED40 /* MainViewController.swift */; };
		04F9A8061F1F8F5500B8ED40 /* HomeViewController.swift in Sources */ = {isa = PBXBuildFile; fileRef = 04F9A8051F1F8F5500B8ED40 /* HomeViewController.swift */; };
		04F9A8081F1F8F6700B8ED40 /* MicroNewViewController.swift in Sources */ = {isa = PBXBuildFile; fileRef = 04F9A8071F1F8F6700B8ED40 /* MicroNewViewController.swift */; };
		04F9A80A1F1F8F9900B8ED40 /* MineViewController.swift in Sources */ = {isa = PBXBuildFile; fileRef = 04F9A8091F1F8F9900B8ED40 /* MineViewController.swift */; };
		04F9A80C1F1F8FA300B8ED40 /* VideoViewController.swift in Sources */ = {isa = PBXBuildFile; fileRef = 04F9A80B1F1F8FA300B8ED40 /* VideoViewController.swift */; };
		04F9A80F1F1F97AC00B8ED40 /* R.generated.swift in Sources */ = {isa = PBXBuildFile; fileRef = 04F9A80E1F1F97AC00B8ED40 /* R.generated.swift */; };
		04F9A8111F1FA04900B8ED40 /* AppConstants.swift in Sources */ = {isa = PBXBuildFile; fileRef = 04F9A8101F1FA04900B8ED40 /* AppConstants.swift */; };
		04F9A8141F1FA3E300B8ED40 /* DataManager.swift in Sources */ = {isa = PBXBuildFile; fileRef = 04F9A8131F1FA3E300B8ED40 /* DataManager.swift */; };
		04F9A8161F1FA45C00B8ED40 /* DataService.swift in Sources */ = {isa = PBXBuildFile; fileRef = 04F9A8151F1FA45C00B8ED40 /* DataService.swift */; };
		04FBF1DF1F5413F2001B55FD /* DetailViewController.swift in Sources */ = {isa = PBXBuildFile; fileRef = 04FBF1DD1F5413F2001B55FD /* DetailViewController.swift */; };
		04FBF1E01F5413F3001B55FD /* DetailViewController.xib in Resources */ = {isa = PBXBuildFile; fileRef = 04FBF1DE1F5413F2001B55FD /* DetailViewController.xib */; };
		37A749EBA32C87BDFEFE4C52 /* Pods_Today_News_iOS.framework in Frameworks */ = {isa = PBXBuildFile; fileRef = 977FEA0A9E37DD8DC368BC55 /* Pods_Today_News_iOS.framework */; };
/* End PBXBuildFile section */

/* Begin PBXFileReference section */
		04151C0B1F28708B007D55C3 /* HomeTopicPhotosView.swift */ = {isa = PBXFileReference; fileEncoding = 4; lastKnownFileType = sourcecode.swift; path = HomeTopicPhotosView.swift; sourceTree = "<group>"; };
		04151C0D1F28E448007D55C3 /* MineViewController.xib */ = {isa = PBXFileReference; fileEncoding = 4; lastKnownFileType = file.xib; path = MineViewController.xib; sourceTree = "<group>"; };
		042840511F566F4900347215 /* UIColorExtenstion.swift */ = {isa = PBXFileReference; fileEncoding = 4; lastKnownFileType = sourcecode.swift; path = UIColorExtenstion.swift; sourceTree = "<group>"; };
		042840531F5673B900347215 /* CommentPublishView.swift */ = {isa = PBXFileReference; fileEncoding = 4; lastKnownFileType = sourcecode.swift; path = CommentPublishView.swift; sourceTree = "<group>"; };
		042840551F5673C400347215 /* CommentPublishView.xib */ = {isa = PBXFileReference; fileEncoding = 4; lastKnownFileType = file.xib; path = CommentPublishView.xib; sourceTree = "<group>"; };
		042840571F5674CE00347215 /* NibCreatable.swift */ = {isa = PBXFileReference; fileEncoding = 4; lastKnownFileType = sourcecode.swift; path = NibCreatable.swift; sourceTree = "<group>"; };
		042840591F568C3B00347215 /* SMKTextView.swift */ = {isa = PBXFileReference; fileEncoding = 4; lastKnownFileType = sourcecode.swift; path = SMKTextView.swift; sourceTree = "<group>"; };
		0428405B1F56A33B00347215 /* User.swift */ = {isa = PBXFileReference; fileEncoding = 4; lastKnownFileType = sourcecode.swift; path = User.swift; sourceTree = "<group>"; };
		04496AFE1F1EF2D80025190A /* Today-News-iOS.app */ = {isa = PBXFileReference; explicitFileType = wrapper.application; includeInIndex = 0; path = "Today-News-iOS.app"; sourceTree = BUILT_PRODUCTS_DIR; };
		0468D58C1F29AB3500C08093 /* MineCellModel.swift */ = {isa = PBXFileReference; fileEncoding = 4; lastKnownFileType = sourcecode.swift; path = MineCellModel.swift; sourceTree = "<group>"; };
		0468D58E1F29B22200C08093 /* MineCell.swift */ = {isa = PBXFileReference; fileEncoding = 4; lastKnownFileType = sourcecode.swift; path = MineCell.swift; sourceTree = "<group>"; };
		0468D58F1F29B22200C08093 /* MineCell.xib */ = {isa = PBXFileReference; fileEncoding = 4; lastKnownFileType = file.xib; path = MineCell.xib; sourceTree = "<group>"; };
		047A15371F2B16F000FD762F /* AnimatedTransitioning.swift */ = {isa = PBXFileReference; fileEncoding = 4; lastKnownFileType = sourcecode.swift; path = AnimatedTransitioning.swift; sourceTree = "<group>"; };
		047A15381F2B16F000FD762F /* PresentationController.swift */ = {isa = PBXFileReference; fileEncoding = 4; lastKnownFileType = sourcecode.swift; path = PresentationController.swift; sourceTree = "<group>"; };
		047A153A1F2B16F000FD762F /* Transition.swift */ = {isa = PBXFileReference; fileEncoding = 4; lastKnownFileType = sourcecode.swift; path = Transition.swift; sourceTree = "<group>"; };
		049D9CDF1F556189007AFC45 /* Detail.swift */ = {isa = PBXFileReference; fileEncoding = 4; lastKnownFileType = sourcecode.swift; path = Detail.swift; sourceTree = "<group>"; };
		049D9CE11F557B9A007AFC45 /* NavigatorConfigurable.swift */ = {isa = PBXFileReference; fileEncoding = 4; lastKnownFileType = sourcecode.swift; path = NavigatorConfigurable.swift; sourceTree = "<group>"; };
		04D5D7CD1F52C56C00F85919 /* SearchViewController.swift */ = {isa = PBXFileReference; fileEncoding = 4; lastKnownFileType = sourcecode.swift; path = SearchViewController.swift; sourceTree = "<group>"; };
		04D5D7CF1F52C69800F85919 /* SearchNavigationView.swift */ = {isa = PBXFileReference; fileEncoding = 4; lastKnownFileType = sourcecode.swift; path = SearchNavigationView.swift; sourceTree = "<group>"; };
		04D5D7D11F52CA3700F85919 /* SearchDefaultView.swift */ = {isa = PBXFileReference; fileEncoding = 4; lastKnownFileType = sourcecode.swift; path = SearchDefaultView.swift; sourceTree = "<group>"; };
		04D5D7D31F52CA7900F85919 /* SearchDefaultView.xib */ = {isa = PBXFileReference; fileEncoding = 4; lastKnownFileType = file.xib; path = SearchDefaultView.xib; sourceTree = "<group>"; };
		04D5D7D61F52D54800F85919 /* CheckTool.swift */ = {isa = PBXFileReference; fileEncoding = 4; lastKnownFileType = sourcecode.swift; path = CheckTool.swift; sourceTree = "<group>"; };
		04DE58DA1F205F3A005192B7 /* HomeCategory.swift */ = {isa = PBXFileReference; fileEncoding = 4; lastKnownFileType = sourcecode.swift; path = HomeCategory.swift; sourceTree = "<group>"; };
		04DE58DC1F206075005192B7 /* BridgingHeader.h */ = {isa = PBXFileReference; fileEncoding = 4; lastKnownFileType = sourcecode.c.h; path = BridgingHeader.h; sourceTree = "<group>"; };
		04DE58E01F2087B9005192B7 /* SEKNavigationView.swift */ = {isa = PBXFileReference; fileEncoding = 4; lastKnownFileType = sourcecode.swift; path = SEKNavigationView.swift; sourceTree = "<group>"; };
		04DE58E11F2087B9005192B7 /* SEKView+Frame.swift */ = {isa = PBXFileReference; fileEncoding = 4; lastKnownFileType = sourcecode.swift; path = "SEKView+Frame.swift"; sourceTree = "<group>"; };
		04DE58E41F20880B005192B7 /* SegmentBaseViewController.swift */ = {isa = PBXFileReference; fileEncoding = 4; lastKnownFileType = sourcecode.swift; path = SegmentBaseViewController.swift; sourceTree = "<group>"; };
		04DE58E61F2095D5005192B7 /* TopicPageViewController.swift */ = {isa = PBXFileReference; fileEncoding = 4; lastKnownFileType = sourcecode.swift; path = TopicPageViewController.swift; sourceTree = "<group>"; };
		04DE58E71F2095D5005192B7 /* TopicPageViewController.xib */ = {isa = PBXFileReference; fileEncoding = 4; lastKnownFileType = file.xib; path = TopicPageViewController.xib; sourceTree = "<group>"; };
		04DE58EA1F20A2D4005192B7 /* HomeNavBarView.swift */ = {isa = PBXFileReference; fileEncoding = 4; lastKnownFileType = sourcecode.swift; path = HomeNavBarView.swift; sourceTree = "<group>"; };
		04DE58EC1F20A34B005192B7 /* HomeSearchBar.swift */ = {isa = PBXFileReference; fileEncoding = 4; lastKnownFileType = sourcecode.swift; path = HomeSearchBar.swift; sourceTree = "<group>"; };
		04DE5AB51F20D9A0005192B7 /* HomeContent.swift */ = {isa = PBXFileReference; fileEncoding = 4; lastKnownFileType = sourcecode.swift; path = HomeContent.swift; sourceTree = "<group>"; };
		04DE5AB71F20DDC2005192B7 /* HomeTopicViewCell.swift */ = {isa = PBXFileReference; fileEncoding = 4; lastKnownFileType = sourcecode.swift; path = HomeTopicViewCell.swift; sourceTree = "<group>"; };
		04DE5AB91F20E0E7005192B7 /* ViewConfigurable.swift */ = {isa = PBXFileReference; fileEncoding = 4; lastKnownFileType = sourcecode.swift; path = ViewConfigurable.swift; sourceTree = "<group>"; };
		04F5944E1F29CA98006B8D16 /* MineNoLoginHeaderView.swift */ = {isa = PBXFileReference; fileEncoding = 4; lastKnownFileType = sourcecode.swift; path = MineNoLoginHeaderView.swift; sourceTree = "<group>"; };
		04F594501F29CAAF006B8D16 /* MineNoLoginHeaderView.xib */ = {isa = PBXFileReference; fileEncoding = 4; lastKnownFileType = file.xib; path = MineNoLoginHeaderView.xib; sourceTree = "<group>"; };
		04F594521F29CC5F006B8D16 /* MineHeaderButton.swift */ = {isa = PBXFileReference; fileEncoding = 4; lastKnownFileType = sourcecode.swift; path = MineHeaderButton.swift; sourceTree = "<group>"; };
		04F594541F29EBD9006B8D16 /* MoreLoginViewController.swift */ = {isa = PBXFileReference; fileEncoding = 4; lastKnownFileType = sourcecode.swift; path = MoreLoginViewController.swift; sourceTree = "<group>"; };
		04F594551F29EBD9006B8D16 /* MoreLoginViewController.xib */ = {isa = PBXFileReference; fileEncoding = 4; lastKnownFileType = file.xib; path = MoreLoginViewController.xib; sourceTree = "<group>"; };
		04F594581F2A152C006B8D16 /* CALayerExtenstion.swift */ = {isa = PBXFileReference; fileEncoding = 4; lastKnownFileType = sourcecode.swift; path = CALayerExtenstion.swift; sourceTree = "<group>"; };
		04F9A7CA1F1F6F4500B8ED40 /* Assets.xcassets */ = {isa = PBXFileReference; lastKnownFileType = folder.assetcatalog; path = Assets.xcassets; sourceTree = "<group>"; };
		04F9A7D61F1F729000B8ED40 /* AppDelegate.swift */ = {isa = PBXFileReference; fileEncoding = 4; lastKnownFileType = sourcecode.swift; path = AppDelegate.swift; sourceTree = "<group>"; };
		04F9A7D71F1F729000B8ED40 /* Info.plist */ = {isa = PBXFileReference; fileEncoding = 4; lastKnownFileType = text.plist.xml; path = Info.plist; sourceTree = "<group>"; };
		04F9A7F71F1F8F4100B8ED40 /* MainViewController.swift */ = {isa = PBXFileReference; fileEncoding = 4; lastKnownFileType = sourcecode.swift; path = MainViewController.swift; sourceTree = "<group>"; };
		04F9A8051F1F8F5500B8ED40 /* HomeViewController.swift */ = {isa = PBXFileReference; fileEncoding = 4; lastKnownFileType = sourcecode.swift; path = HomeViewController.swift; sourceTree = "<group>"; };
		04F9A8071F1F8F6700B8ED40 /* MicroNewViewController.swift */ = {isa = PBXFileReference; fileEncoding = 4; lastKnownFileType = sourcecode.swift; path = MicroNewViewController.swift; sourceTree = "<group>"; };
		04F9A8091F1F8F9900B8ED40 /* MineViewController.swift */ = {isa = PBXFileReference; fileEncoding = 4; lastKnownFileType = sourcecode.swift; path = MineViewController.swift; sourceTree = "<group>"; };
		04F9A80B1F1F8FA300B8ED40 /* VideoViewController.swift */ = {isa = PBXFileReference; fileEncoding = 4; lastKnownFileType = sourcecode.swift; path = VideoViewController.swift; sourceTree = "<group>"; };
		04F9A80E1F1F97AC00B8ED40 /* R.generated.swift */ = {isa = PBXFileReference; fileEncoding = 4; lastKnownFileType = sourcecode.swift; path = R.generated.swift; sourceTree = SOURCE_ROOT; };
		04F9A8101F1FA04900B8ED40 /* AppConstants.swift */ = {isa = PBXFileReference; fileEncoding = 4; lastKnownFileType = sourcecode.swift; path = AppConstants.swift; sourceTree = "<group>"; };
		04F9A8131F1FA3E300B8ED40 /* DataManager.swift */ = {isa = PBXFileReference; fileEncoding = 4; lastKnownFileType = sourcecode.swift; path = DataManager.swift; sourceTree = "<group>"; };
		04F9A8151F1FA45C00B8ED40 /* DataService.swift */ = {isa = PBXFileReference; fileEncoding = 4; lastKnownFileType = sourcecode.swift; path = DataService.swift; sourceTree = "<group>"; };
		04FBF1DD1F5413F2001B55FD /* DetailViewController.swift */ = {isa = PBXFileReference; fileEncoding = 4; lastKnownFileType = sourcecode.swift; path = DetailViewController.swift; sourceTree = "<group>"; };
		04FBF1DE1F5413F2001B55FD /* DetailViewController.xib */ = {isa = PBXFileReference; fileEncoding = 4; lastKnownFileType = file.xib; path = DetailViewController.xib; sourceTree = "<group>"; };
		29BFC1B310A1F6D7138833DE /* Pods-Today-News-iOS.debug.xcconfig */ = {isa = PBXFileReference; includeInIndex = 1; lastKnownFileType = text.xcconfig; name = "Pods-Today-News-iOS.debug.xcconfig"; path = "Pods/Target Support Files/Pods-Today-News-iOS/Pods-Today-News-iOS.debug.xcconfig"; sourceTree = "<group>"; };
		977FEA0A9E37DD8DC368BC55 /* Pods_Today_News_iOS.framework */ = {isa = PBXFileReference; explicitFileType = wrapper.framework; includeInIndex = 0; path = Pods_Today_News_iOS.framework; sourceTree = BUILT_PRODUCTS_DIR; };
		DD16E9A939D3E19217803B66 /* Pods-Today-News-iOS.release.xcconfig */ = {isa = PBXFileReference; includeInIndex = 1; lastKnownFileType = text.xcconfig; name = "Pods-Today-News-iOS.release.xcconfig"; path = "Pods/Target Support Files/Pods-Today-News-iOS/Pods-Today-News-iOS.release.xcconfig"; sourceTree = "<group>"; };
/* End PBXFileReference section */

/* Begin PBXFrameworksBuildPhase section */
		04496AFB1F1EF2D80025190A /* Frameworks */ = {
			isa = PBXFrameworksBuildPhase;
			buildActionMask = 2147483647;
			files = (
				37A749EBA32C87BDFEFE4C52 /* Pods_Today_News_iOS.framework in Frameworks */,
			);
			runOnlyForDeploymentPostprocessing = 0;
		};
/* End PBXFrameworksBuildPhase section */

/* Begin PBXGroup section */
		04496AF51F1EF2D80025190A = {
			isa = PBXGroup;
			children = (
				04496B001F1EF2D80025190A /* Today-News-iOS */,
				04496AFF1F1EF2D80025190A /* Products */,
				370191C2F744C7CB03DA4BE2 /* Pods */,
				F4C3E778E5322669A88715BF /* Frameworks */,
			);
			sourceTree = "<group>";
		};
		04496AFF1F1EF2D80025190A /* Products */ = {
			isa = PBXGroup;
			children = (
				04496AFE1F1EF2D80025190A /* Today-News-iOS.app */,
			);
			name = Products;
			sourceTree = "<group>";
		};
		04496B001F1EF2D80025190A /* Today-News-iOS */ = {
			isa = PBXGroup;
			children = (
				04DE58DD1F2085F3005192B7 /* Components */,
				04F9A8121F1FA3D100B8ED40 /* Managers */,
				04F9A7C51F1F6C6700B8ED40 /* Src */,
				04F9A7D51F1F729000B8ED40 /* Application */,
				04F9A7DA1F1F829700B8ED40 /* Extensions */,
				04F9A7DB1F1F829700B8ED40 /* Protocols */,
				04F9A7DC1F1F829700B8ED40 /* Vender */,
				04F9A7C91F1F6EB600B8ED40 /* Resouces */,
			);
			path = "Today-News-iOS";
			sourceTree = "<group>";
		};
		047A15361F2B16F000FD762F /* SMKTransition */ = {
			isa = PBXGroup;
			children = (
				047A15371F2B16F000FD762F /* AnimatedTransitioning.swift */,
				047A15381F2B16F000FD762F /* PresentationController.swift */,
				047A153A1F2B16F000FD762F /* Transition.swift */,
			);
			path = SMKTransition;
			sourceTree = "<group>";
		};
		04D5D7C91F52C54B00F85919 /* Search */ = {
			isa = PBXGroup;
			children = (
				04D5D7CA1F52C54B00F85919 /* Controller */,
				04D5D7CB1F52C54B00F85919 /* Model */,
				04D5D7CC1F52C54B00F85919 /* View */,
			);
			path = Search;
			sourceTree = "<group>";
		};
		04D5D7CA1F52C54B00F85919 /* Controller */ = {
			isa = PBXGroup;
			children = (
				04D5D7CD1F52C56C00F85919 /* SearchViewController.swift */,
			);
			path = Controller;
			sourceTree = "<group>";
		};
		04D5D7CB1F52C54B00F85919 /* Model */ = {
			isa = PBXGroup;
			children = (
			);
			path = Model;
			sourceTree = "<group>";
		};
		04D5D7CC1F52C54B00F85919 /* View */ = {
			isa = PBXGroup;
			children = (
				04D5D7CF1F52C69800F85919 /* SearchNavigationView.swift */,
				04D5D7D11F52CA3700F85919 /* SearchDefaultView.swift */,
				04D5D7D31F52CA7900F85919 /* SearchDefaultView.xib */,
			);
			path = View;
			sourceTree = "<group>";
		};
		04D5D7D51F52D52D00F85919 /* Utils */ = {
			isa = PBXGroup;
			children = (
				04D5D7D61F52D54800F85919 /* CheckTool.swift */,
			);
			path = Utils;
			sourceTree = "<group>";
		};
		04DE58DD1F2085F3005192B7 /* Components */ = {
			isa = PBXGroup;
			children = (
				04DE58DE1F208608005192B7 /* Controls */,
				04D5D7D51F52D52D00F85919 /* Utils */,
			);
			path = Components;
			sourceTree = "<group>";
		};
		04DE58DE1F208608005192B7 /* Controls */ = {
			isa = PBXGroup;
			children = (
				042840591F568C3B00347215 /* SMKTextView.swift */,
				047A15361F2B16F000FD762F /* SMKTransition */,
				04DE58DF1F2087B9005192B7 /* SEKNavigationView */,
			);
			path = Controls;
			sourceTree = "<group>";
		};
		04DE58DF1F2087B9005192B7 /* SEKNavigationView */ = {
			isa = PBXGroup;
			children = (
				04DE58E01F2087B9005192B7 /* SEKNavigationView.swift */,
				04DE58E11F2087B9005192B7 /* SEKView+Frame.swift */,
				04DE58E41F20880B005192B7 /* SegmentBaseViewController.swift */,
			);
			path = SEKNavigationView;
			sourceTree = "<group>";
		};
		04F9A7C51F1F6C6700B8ED40 /* Src */ = {
			isa = PBXGroup;
			children = (
				04FBF1D91F541137001B55FD /* Detail */,
				04D5D7C91F52C54B00F85919 /* Search */,
				04F9A7F21F1F8F4100B8ED40 /* Home */,
				04F9A7F61F1F8F4100B8ED40 /* Main */,
				04F9A7F81F1F8F4100B8ED40 /* MicroNew */,
				04F9A7FC1F1F8F4100B8ED40 /* Mine */,
				04F9A8001F1F8F4100B8ED40 /* Video */,
			);
			path = Src;
			sourceTree = "<group>";
		};
		04F9A7C91F1F6EB600B8ED40 /* Resouces */ = {
			isa = PBXGroup;
			children = (
				04F9A80E1F1F97AC00B8ED40 /* R.generated.swift */,
				04F9A7CA1F1F6F4500B8ED40 /* Assets.xcassets */,
			);
			path = Resouces;
			sourceTree = "<group>";
		};
		04F9A7D51F1F729000B8ED40 /* Application */ = {
			isa = PBXGroup;
			children = (
				04F9A7D61F1F729000B8ED40 /* AppDelegate.swift */,
				04F9A7D71F1F729000B8ED40 /* Info.plist */,
				04F9A8101F1FA04900B8ED40 /* AppConstants.swift */,
				04DE58DC1F206075005192B7 /* BridgingHeader.h */,
			);
			path = Application;
			sourceTree = "<group>";
		};
		04F9A7DA1F1F829700B8ED40 /* Extensions */ = {
			isa = PBXGroup;
			children = (
				04F594581F2A152C006B8D16 /* CALayerExtenstion.swift */,
				042840511F566F4900347215 /* UIColorExtenstion.swift */,
			);
			path = Extensions;
			sourceTree = "<group>";
		};
		04F9A7DB1F1F829700B8ED40 /* Protocols */ = {
			isa = PBXGroup;
			children = (
				04DE5AB91F20E0E7005192B7 /* ViewConfigurable.swift */,
				049D9CE11F557B9A007AFC45 /* NavigatorConfigurable.swift */,
				042840571F5674CE00347215 /* NibCreatable.swift */,
			);
			path = Protocols;
			sourceTree = "<group>";
		};
		04F9A7DC1F1F829700B8ED40 /* Vender */ = {
			isa = PBXGroup;
			children = (
				04F9A7DD1F1F829700B8ED40 /* Library */,
				04F9A7DE1F1F829700B8ED40 /* SDKFiles */,
			);
			path = Vender;
			sourceTree = "<group>";
		};
		04F9A7DD1F1F829700B8ED40 /* Library */ = {
			isa = PBXGroup;
			children = (
			);
			path = Library;
			sourceTree = "<group>";
		};
		04F9A7DE1F1F829700B8ED40 /* SDKFiles */ = {
			isa = PBXGroup;
			children = (
			);
			path = SDKFiles;
			sourceTree = "<group>";
		};
		04F9A7F21F1F8F4100B8ED40 /* Home */ = {
			isa = PBXGroup;
			children = (
				04F9A7F31F1F8F4100B8ED40 /* Controller */,
				04F9A7F41F1F8F4100B8ED40 /* Model */,
				04F9A7F51F1F8F4100B8ED40 /* View */,
			);
			path = Home;
			sourceTree = "<group>";
		};
		04F9A7F31F1F8F4100B8ED40 /* Controller */ = {
			isa = PBXGroup;
			children = (
				04F9A8051F1F8F5500B8ED40 /* HomeViewController.swift */,
				04DE58E61F2095D5005192B7 /* TopicPageViewController.swift */,
				04DE58E71F2095D5005192B7 /* TopicPageViewController.xib */,
			);
			path = Controller;
			sourceTree = "<group>";
		};
		04F9A7F41F1F8F4100B8ED40 /* Model */ = {
			isa = PBXGroup;
			children = (
				04DE58DA1F205F3A005192B7 /* HomeCategory.swift */,
				04DE5AB51F20D9A0005192B7 /* HomeContent.swift */,
			);
			path = Model;
			sourceTree = "<group>";
		};
		04F9A7F51F1F8F4100B8ED40 /* View */ = {
			isa = PBXGroup;
			children = (
				04DE58EA1F20A2D4005192B7 /* HomeNavBarView.swift */,
				04DE58EC1F20A34B005192B7 /* HomeSearchBar.swift */,
				04DE5AB71F20DDC2005192B7 /* HomeTopicViewCell.swift */,
				04151C0B1F28708B007D55C3 /* HomeTopicPhotosView.swift */,
			);
			path = View;
			sourceTree = "<group>";
		};
		04F9A7F61F1F8F4100B8ED40 /* Main */ = {
			isa = PBXGroup;
			children = (
				04F9A7F71F1F8F4100B8ED40 /* MainViewController.swift */,
			);
			path = Main;
			sourceTree = "<group>";
		};
		04F9A7F81F1F8F4100B8ED40 /* MicroNew */ = {
			isa = PBXGroup;
			children = (
				04F9A7F91F1F8F4100B8ED40 /* Controller */,
				04F9A7FA1F1F8F4100B8ED40 /* Model */,
				04F9A7FB1F1F8F4100B8ED40 /* View */,
			);
			path = MicroNew;
			sourceTree = "<group>";
		};
		04F9A7F91F1F8F4100B8ED40 /* Controller */ = {
			isa = PBXGroup;
			children = (
				04F9A8071F1F8F6700B8ED40 /* MicroNewViewController.swift */,
			);
			path = Controller;
			sourceTree = "<group>";
		};
		04F9A7FA1F1F8F4100B8ED40 /* Model */ = {
			isa = PBXGroup;
			children = (
			);
			path = Model;
			sourceTree = "<group>";
		};
		04F9A7FB1F1F8F4100B8ED40 /* View */ = {
			isa = PBXGroup;
			children = (
			);
			path = View;
			sourceTree = "<group>";
		};
		04F9A7FC1F1F8F4100B8ED40 /* Mine */ = {
			isa = PBXGroup;
			children = (
				04F9A7FD1F1F8F4100B8ED40 /* Controller */,
				04F9A7FE1F1F8F4100B8ED40 /* Model */,
				04F9A7FF1F1F8F4100B8ED40 /* View */,
			);
			path = Mine;
			sourceTree = "<group>";
		};
		04F9A7FD1F1F8F4100B8ED40 /* Controller */ = {
			isa = PBXGroup;
			children = (
				04F9A8091F1F8F9900B8ED40 /* MineViewController.swift */,
				04151C0D1F28E448007D55C3 /* MineViewController.xib */,
				04F594541F29EBD9006B8D16 /* MoreLoginViewController.swift */,
				04F594551F29EBD9006B8D16 /* MoreLoginViewController.xib */,
			);
			path = Controller;
			sourceTree = "<group>";
		};
		04F9A7FE1F1F8F4100B8ED40 /* Model */ = {
			isa = PBXGroup;
			children = (
				0468D58C1F29AB3500C08093 /* MineCellModel.swift */,
				0428405B1F56A33B00347215 /* User.swift */,
			);
			path = Model;
			sourceTree = "<group>";
		};
		04F9A7FF1F1F8F4100B8ED40 /* View */ = {
			isa = PBXGroup;
			children = (
				0468D58E1F29B22200C08093 /* MineCell.swift */,
				0468D58F1F29B22200C08093 /* MineCell.xib */,
				04F5944E1F29CA98006B8D16 /* MineNoLoginHeaderView.swift */,
				04F594501F29CAAF006B8D16 /* MineNoLoginHeaderView.xib */,
				04F594521F29CC5F006B8D16 /* MineHeaderButton.swift */,
			);
			path = View;
			sourceTree = "<group>";
		};
		04F9A8001F1F8F4100B8ED40 /* Video */ = {
			isa = PBXGroup;
			children = (
				04F9A8011F1F8F4100B8ED40 /* Controller */,
				04F9A8021F1F8F4100B8ED40 /* Model */,
				04F9A8031F1F8F4100B8ED40 /* View */,
			);
			path = Video;
			sourceTree = "<group>";
		};
		04F9A8011F1F8F4100B8ED40 /* Controller */ = {
			isa = PBXGroup;
			children = (
				04F9A80B1F1F8FA300B8ED40 /* VideoViewController.swift */,
			);
			path = Controller;
			sourceTree = "<group>";
		};
		04F9A8021F1F8F4100B8ED40 /* Model */ = {
			isa = PBXGroup;
			children = (
			);
			path = Model;
			sourceTree = "<group>";
		};
		04F9A8031F1F8F4100B8ED40 /* View */ = {
			isa = PBXGroup;
			children = (
			);
			path = View;
			sourceTree = "<group>";
		};
		04F9A8121F1FA3D100B8ED40 /* Managers */ = {
			isa = PBXGroup;
			children = (
				04F9A8131F1FA3E300B8ED40 /* DataManager.swift */,
				04F9A8151F1FA45C00B8ED40 /* DataService.swift */,
			);
			path = Managers;
			sourceTree = "<group>";
		};
		04FBF1D91F541137001B55FD /* Detail */ = {
			isa = PBXGroup;
			children = (
				04FBF1DA1F541137001B55FD /* Controller */,
				04FBF1DB1F541137001B55FD /* Model */,
				04FBF1DC1F541137001B55FD /* View */,
			);
			path = Detail;
			sourceTree = "<group>";
		};
		04FBF1DA1F541137001B55FD /* Controller */ = {
			isa = PBXGroup;
			children = (
				04FBF1DD1F5413F2001B55FD /* DetailViewController.swift */,
				04FBF1DE1F5413F2001B55FD /* DetailViewController.xib */,
			);
			path = Controller;
			sourceTree = "<group>";
		};
		04FBF1DB1F541137001B55FD /* Model */ = {
			isa = PBXGroup;
			children = (
				049D9CDF1F556189007AFC45 /* Detail.swift */,
			);
			path = Model;
			sourceTree = "<group>";
		};
		04FBF1DC1F541137001B55FD /* View */ = {
			isa = PBXGroup;
			children = (
				042840531F5673B900347215 /* CommentPublishView.swift */,
				042840551F5673C400347215 /* CommentPublishView.xib */,
			);
			path = View;
			sourceTree = "<group>";
		};
		370191C2F744C7CB03DA4BE2 /* Pods */ = {
			isa = PBXGroup;
			children = (
				29BFC1B310A1F6D7138833DE /* Pods-Today-News-iOS.debug.xcconfig */,
				DD16E9A939D3E19217803B66 /* Pods-Today-News-iOS.release.xcconfig */,
			);
			name = Pods;
			sourceTree = "<group>";
		};
		F4C3E778E5322669A88715BF /* Frameworks */ = {
			isa = PBXGroup;
			children = (
				977FEA0A9E37DD8DC368BC55 /* Pods_Today_News_iOS.framework */,
			);
			name = Frameworks;
			sourceTree = "<group>";
		};
/* End PBXGroup section */

/* Begin PBXNativeTarget section */
		04496AFD1F1EF2D80025190A /* Today-News-iOS */ = {
			isa = PBXNativeTarget;
			buildConfigurationList = 04496B101F1EF2D90025190A /* Build configuration list for PBXNativeTarget "Today-News-iOS" */;
			buildPhases = (
				D0F0B446C930AF3E2A243CE3 /* [CP] Check Pods Manifest.lock */,
				04496AFA1F1EF2D80025190A /* Sources */,
				04496AFB1F1EF2D80025190A /* Frameworks */,
				04496AFC1F1EF2D80025190A /* Resources */,
				88CC3457E0E1DB16E5507347 /* [CP] Embed Pods Frameworks */,
				168320D62349850334872375 /* [CP] Copy Pods Resources */,
				04F9A80D1F1F963600B8ED40 /* ShellScript */,
			);
			buildRules = (
			);
			dependencies = (
			);
			name = "Today-News-iOS";
			productName = "Today-News-iOS";
			productReference = 04496AFE1F1EF2D80025190A /* Today-News-iOS.app */;
			productType = "com.apple.product-type.application";
		};
/* End PBXNativeTarget section */

/* Begin PBXProject section */
		04496AF61F1EF2D80025190A /* Project object */ = {
			isa = PBXProject;
			attributes = {
				LastSwiftUpdateCheck = 0810;
				LastUpgradeCheck = 0810;
				ORGANIZATIONNAME = lovemo;
				TargetAttributes = {
					04496AFD1F1EF2D80025190A = {
						CreatedOnToolsVersion = 8.1;
						ProvisioningStyle = Automatic;
					};
				};
			};
			buildConfigurationList = 04496AF91F1EF2D80025190A /* Build configuration list for PBXProject "Today-News-iOS" */;
			compatibilityVersion = "Xcode 3.2";
			developmentRegion = English;
			hasScannedForEncodings = 0;
			knownRegions = (
				en,
				Base,
			);
			mainGroup = 04496AF51F1EF2D80025190A;
			productRefGroup = 04496AFF1F1EF2D80025190A /* Products */;
			projectDirPath = "";
			projectRoot = "";
			targets = (
				04496AFD1F1EF2D80025190A /* Today-News-iOS */,
			);
		};
/* End PBXProject section */

/* Begin PBXResourcesBuildPhase section */
		04496AFC1F1EF2D80025190A /* Resources */ = {
			isa = PBXResourcesBuildPhase;
			buildActionMask = 2147483647;
			files = (
				04F9A7D91F1F729000B8ED40 /* Info.plist in Resources */,
				04F594571F29EBD9006B8D16 /* MoreLoginViewController.xib in Resources */,
				04F594511F29CAAF006B8D16 /* MineNoLoginHeaderView.xib in Resources */,
				04DE58E91F2095D5005192B7 /* TopicPageViewController.xib in Resources */,
				04FBF1E01F5413F3001B55FD /* DetailViewController.xib in Resources */,
				04D5D7D41F52CA7900F85919 /* SearchDefaultView.xib in Resources */,
				042840561F5673C400347215 /* CommentPublishView.xib in Resources */,
				04F9A7D01F1F6F4500B8ED40 /* Assets.xcassets in Resources */,
				0468D5911F29B22200C08093 /* MineCell.xib in Resources */,
				04151C0E1F28E448007D55C3 /* MineViewController.xib in Resources */,
			);
			runOnlyForDeploymentPostprocessing = 0;
		};
/* End PBXResourcesBuildPhase section */

/* Begin PBXShellScriptBuildPhase section */
		04F9A80D1F1F963600B8ED40 /* ShellScript */ = {
			isa = PBXShellScriptBuildPhase;
			buildActionMask = 2147483647;
			files = (
			);
			inputPaths = (
			);
			outputPaths = (
			);
			runOnlyForDeploymentPostprocessing = 0;
			shellPath = /bin/sh;
			shellScript = "\"$PODS_ROOT/R.swift/rswift\" \"$SRCROOT\"";
		};
		168320D62349850334872375 /* [CP] Copy Pods Resources */ = {
			isa = PBXShellScriptBuildPhase;
			buildActionMask = 2147483647;
			files = (
			);
			inputPaths = (
			);
			name = "[CP] Copy Pods Resources";
			outputPaths = (
			);
			runOnlyForDeploymentPostprocessing = 0;
			shellPath = /bin/sh;
			shellScript = "\"${SRCROOT}/Pods/Target Support Files/Pods-Today-News-iOS/Pods-Today-News-iOS-resources.sh\"\n";
			showEnvVarsInLog = 0;
		};
		88CC3457E0E1DB16E5507347 /* [CP] Embed Pods Frameworks */ = {
			isa = PBXShellScriptBuildPhase;
			buildActionMask = 2147483647;
			files = (
			);
			inputPaths = (
			);
			name = "[CP] Embed Pods Frameworks";
			outputPaths = (
			);
			runOnlyForDeploymentPostprocessing = 0;
			shellPath = /bin/sh;
			shellScript = "\"${SRCROOT}/Pods/Target Support Files/Pods-Today-News-iOS/Pods-Today-News-iOS-frameworks.sh\"\n";
			showEnvVarsInLog = 0;
		};
		D0F0B446C930AF3E2A243CE3 /* [CP] Check Pods Manifest.lock */ = {
			isa = PBXShellScriptBuildPhase;
			buildActionMask = 2147483647;
			files = (
			);
			inputPaths = (
			);
			name = "[CP] Check Pods Manifest.lock";
			outputPaths = (
			);
			runOnlyForDeploymentPostprocessing = 0;
			shellPath = /bin/sh;
			shellScript = "diff \"${PODS_ROOT}/../Podfile.lock\" \"${PODS_ROOT}/Manifest.lock\" > /dev/null\nif [ $? != 0 ] ; then\n    # print error to STDERR\n    echo \"error: The sandbox is not in sync with the Podfile.lock. Run 'pod install' or update your CocoaPods installation.\" >&2\n    exit 1\nfi\n";
			showEnvVarsInLog = 0;
		};
/* End PBXShellScriptBuildPhase section */

/* Begin PBXSourcesBuildPhase section */
		04496AFA1F1EF2D80025190A /* Sources */ = {
			isa = PBXSourcesBuildPhase;
			buildActionMask = 2147483647;
			files = (
				04DE58E21F2087B9005192B7 /* SEKNavigationView.swift in Sources */,
				04DE58E51F20880B005192B7 /* SegmentBaseViewController.swift in Sources */,
				049D9CE01F556189007AFC45 /* Detail.swift in Sources */,
				042840541F5673B900347215 /* CommentPublishView.swift in Sources */,
				0468D58D1F29AB3500C08093 /* MineCellModel.swift in Sources */,
				04F9A7D81F1F729000B8ED40 /* AppDelegate.swift in Sources */,
				04D5D7D71F52D54800F85919 /* CheckTool.swift in Sources */,
				04F9A80F1F1F97AC00B8ED40 /* R.generated.swift in Sources */,
				04F9A8041F1F8F4100B8ED40 /* MainViewController.swift in Sources */,
				047A153B1F2B16F000FD762F /* AnimatedTransitioning.swift in Sources */,
				0428405A1F568C3B00347215 /* SMKTextView.swift in Sources */,
				04D5D7CE1F52C56C00F85919 /* SearchViewController.swift in Sources */,
				042840521F566F4900347215 /* UIColorExtenstion.swift in Sources */,
				04F9A8111F1FA04900B8ED40 /* AppConstants.swift in Sources */,
				04F9A80C1F1F8FA300B8ED40 /* VideoViewController.swift in Sources */,
				047A153E1F2B16F000FD762F /* Transition.swift in Sources */,
				04F9A8081F1F8F6700B8ED40 /* MicroNewViewController.swift in Sources */,
				04F5944F1F29CA98006B8D16 /* MineNoLoginHeaderView.swift in Sources */,
				04F594531F29CC5F006B8D16 /* MineHeaderButton.swift in Sources */,
				04F9A8061F1F8F5500B8ED40 /* HomeViewController.swift in Sources */,
				0428405C1F56A33B00347215 /* User.swift in Sources */,
				04DE58ED1F20A34B005192B7 /* HomeSearchBar.swift in Sources */,
				04DE5ABA1F20E0E7005192B7 /* ViewConfigurable.swift in Sources */,
				04151C0C1F28708B007D55C3 /* HomeTopicPhotosView.swift in Sources */,
				04D5D7D21F52CA3700F85919 /* SearchDefaultView.swift in Sources */,
				04DE5AB61F20D9A0005192B7 /* HomeContent.swift in Sources */,
				049D9CE21F557B9A007AFC45 /* NavigatorConfigurable.swift in Sources */,
				04F9A8141F1FA3E300B8ED40 /* DataManager.swift in Sources */,
				04F594561F29EBD9006B8D16 /* MoreLoginViewController.swift in Sources */,
				04DE58E31F2087B9005192B7 /* SEKView+Frame.swift in Sources */,
				04D5D7D01F52C69800F85919 /* SearchNavigationView.swift in Sources */,
				04DE58DB1F205F3A005192B7 /* HomeCategory.swift in Sources */,
				04DE5AB81F20DDC2005192B7 /* HomeTopicViewCell.swift in Sources */,
				04FBF1DF1F5413F2001B55FD /* DetailViewController.swift in Sources */,
				04F9A80A1F1F8F9900B8ED40 /* MineViewController.swift in Sources */,
				042840581F5674CE00347215 /* NibCreatable.swift in Sources */,
				04F594591F2A152C006B8D16 /* CALayerExtenstion.swift in Sources */,
				0468D5901F29B22200C08093 /* MineCell.swift in Sources */,
				04DE58EB1F20A2D4005192B7 /* HomeNavBarView.swift in Sources */,
				04DE58E81F2095D5005192B7 /* TopicPageViewController.swift in Sources */,
				04F9A8161F1FA45C00B8ED40 /* DataService.swift in Sources */,
				047A153C1F2B16F000FD762F /* PresentationController.swift in Sources */,
			);
			runOnlyForDeploymentPostprocessing = 0;
		};
/* End PBXSourcesBuildPhase section */

/* Begin XCBuildConfiguration section */
		04496B0E1F1EF2D90025190A /* Debug */ = {
			isa = XCBuildConfiguration;
			buildSettings = {
				ALWAYS_SEARCH_USER_PATHS = NO;
				CLANG_ANALYZER_NONNULL = YES;
				CLANG_CXX_LANGUAGE_STANDARD = "gnu++0x";
				CLANG_CXX_LIBRARY = "libc++";
				CLANG_ENABLE_MODULES = YES;
				CLANG_ENABLE_OBJC_ARC = YES;
				CLANG_WARN_BOOL_CONVERSION = YES;
				CLANG_WARN_CONSTANT_CONVERSION = YES;
				CLANG_WARN_DIRECT_OBJC_ISA_USAGE = YES_ERROR;
				CLANG_WARN_DOCUMENTATION_COMMENTS = YES;
				CLANG_WARN_EMPTY_BODY = YES;
				CLANG_WARN_ENUM_CONVERSION = YES;
				CLANG_WARN_INFINITE_RECURSION = YES;
				CLANG_WARN_INT_CONVERSION = YES;
				CLANG_WARN_OBJC_ROOT_CLASS = YES_ERROR;
				CLANG_WARN_SUSPICIOUS_MOVES = YES;
				CLANG_WARN_UNREACHABLE_CODE = YES;
				CLANG_WARN__DUPLICATE_METHOD_MATCH = YES;
				"CODE_SIGN_IDENTITY[sdk=iphoneos*]" = "iPhone Developer";
				COPY_PHASE_STRIP = NO;
				DEBUG_INFORMATION_FORMAT = dwarf;
				ENABLE_STRICT_OBJC_MSGSEND = YES;
				ENABLE_TESTABILITY = YES;
				GCC_C_LANGUAGE_STANDARD = gnu99;
				GCC_DYNAMIC_NO_PIC = NO;
				GCC_NO_COMMON_BLOCKS = YES;
				GCC_OPTIMIZATION_LEVEL = 0;
				GCC_PREPROCESSOR_DEFINITIONS = (
					"DEBUG=1",
					"$(inherited)",
				);
				GCC_WARN_64_TO_32_BIT_CONVERSION = YES;
				GCC_WARN_ABOUT_RETURN_TYPE = YES_ERROR;
				GCC_WARN_UNDECLARED_SELECTOR = YES;
				GCC_WARN_UNINITIALIZED_AUTOS = YES_AGGRESSIVE;
				GCC_WARN_UNUSED_FUNCTION = YES;
				GCC_WARN_UNUSED_VARIABLE = YES;
				IPHONEOS_DEPLOYMENT_TARGET = 10.3;
				MTL_ENABLE_DEBUG_INFO = YES;
				ONLY_ACTIVE_ARCH = YES;
				SDKROOT = iphoneos;
				SWIFT_ACTIVE_COMPILATION_CONDITIONS = DEBUG;
				SWIFT_OPTIMIZATION_LEVEL = "-Onone";
				TARGETED_DEVICE_FAMILY = "1,2";
			};
			name = Debug;
		};
		04496B0F1F1EF2D90025190A /* Release */ = {
			isa = XCBuildConfiguration;
			buildSettings = {
				ALWAYS_SEARCH_USER_PATHS = NO;
				CLANG_ANALYZER_NONNULL = YES;
				CLANG_CXX_LANGUAGE_STANDARD = "gnu++0x";
				CLANG_CXX_LIBRARY = "libc++";
				CLANG_ENABLE_MODULES = YES;
				CLANG_ENABLE_OBJC_ARC = YES;
				CLANG_WARN_BOOL_CONVERSION = YES;
				CLANG_WARN_CONSTANT_CONVERSION = YES;
				CLANG_WARN_DIRECT_OBJC_ISA_USAGE = YES_ERROR;
				CLANG_WARN_DOCUMENTATION_COMMENTS = YES;
				CLANG_WARN_EMPTY_BODY = YES;
				CLANG_WARN_ENUM_CONVERSION = YES;
				CLANG_WARN_INFINITE_RECURSION = YES;
				CLANG_WARN_INT_CONVERSION = YES;
				CLANG_WARN_OBJC_ROOT_CLASS = YES_ERROR;
				CLANG_WARN_SUSPICIOUS_MOVES = YES;
				CLANG_WARN_UNREACHABLE_CODE = YES;
				CLANG_WARN__DUPLICATE_METHOD_MATCH = YES;
				"CODE_SIGN_IDENTITY[sdk=iphoneos*]" = "iPhone Developer";
				COPY_PHASE_STRIP = NO;
				DEBUG_INFORMATION_FORMAT = "dwarf-with-dsym";
				ENABLE_NS_ASSERTIONS = NO;
				ENABLE_STRICT_OBJC_MSGSEND = YES;
				GCC_C_LANGUAGE_STANDARD = gnu99;
				GCC_NO_COMMON_BLOCKS = YES;
				GCC_WARN_64_TO_32_BIT_CONVERSION = YES;
				GCC_WARN_ABOUT_RETURN_TYPE = YES_ERROR;
				GCC_WARN_UNDECLARED_SELECTOR = YES;
				GCC_WARN_UNINITIALIZED_AUTOS = YES_AGGRESSIVE;
				GCC_WARN_UNUSED_FUNCTION = YES;
				GCC_WARN_UNUSED_VARIABLE = YES;
				IPHONEOS_DEPLOYMENT_TARGET = 10.3;
				MTL_ENABLE_DEBUG_INFO = NO;
				SDKROOT = iphoneos;
				SWIFT_OPTIMIZATION_LEVEL = "-Owholemodule";
				TARGETED_DEVICE_FAMILY = "1,2";
				VALIDATE_PRODUCT = YES;
			};
			name = Release;
		};
		04496B111F1EF2D90025190A /* Debug */ = {
			isa = XCBuildConfiguration;
			baseConfigurationReference = 29BFC1B310A1F6D7138833DE /* Pods-Today-News-iOS.debug.xcconfig */;
			buildSettings = {
				ASSETCATALOG_COMPILER_APPICON_NAME = AppIcon;
				ASSETCATALOG_COMPILER_LAUNCHIMAGE_NAME = LaunchImage;
				INFOPLIST_FILE = "Today-News-iOS/Application/Info.plist";
				IPHONEOS_DEPLOYMENT_TARGET = 9.0;
				LD_RUNPATH_SEARCH_PATHS = "$(inherited) @executable_path/Frameworks";
				PRODUCT_BUNDLE_IDENTIFIER = "com.lovemo.www.Today-News-iOS";
				PRODUCT_NAME = "$(TARGET_NAME)";
				SWIFT_OBJC_BRIDGING_HEADER = "Today-News-iOS/Application/BridgingHeader.h";
				SWIFT_VERSION = 3.0;
			};
			name = Debug;
		};
		04496B121F1EF2D90025190A /* Release */ = {
			isa = XCBuildConfiguration;
			baseConfigurationReference = DD16E9A939D3E19217803B66 /* Pods-Today-News-iOS.release.xcconfig */;
			buildSettings = {
				ASSETCATALOG_COMPILER_APPICON_NAME = AppIcon;
				ASSETCATALOG_COMPILER_LAUNCHIMAGE_NAME = LaunchImage;
				INFOPLIST_FILE = "Today-News-iOS/Application/Info.plist";
				IPHONEOS_DEPLOYMENT_TARGET = 9.0;
				LD_RUNPATH_SEARCH_PATHS = "$(inherited) @executable_path/Frameworks";
				PRODUCT_BUNDLE_IDENTIFIER = "com.lovemo.www.Today-News-iOS";
				PRODUCT_NAME = "$(TARGET_NAME)";
				SWIFT_OBJC_BRIDGING_HEADER = "Today-News-iOS/Application/BridgingHeader.h";
				SWIFT_VERSION = 3.0;
			};
			name = Release;
		};
/* End XCBuildConfiguration section */

/* Begin XCConfigurationList section */
		04496AF91F1EF2D80025190A /* Build configuration list for PBXProject "Today-News-iOS" */ = {
			isa = XCConfigurationList;
			buildConfigurations = (
				04496B0E1F1EF2D90025190A /* Debug */,
				04496B0F1F1EF2D90025190A /* Release */,
			);
			defaultConfigurationIsVisible = 0;
			defaultConfigurationName = Release;
		};
		04496B101F1EF2D90025190A /* Build configuration list for PBXNativeTarget "Today-News-iOS" */ = {
			isa = XCConfigurationList;
			buildConfigurations = (
				04496B111F1EF2D90025190A /* Debug */,
				04496B121F1EF2D90025190A /* Release */,
			);
			defaultConfigurationIsVisible = 0;
			defaultConfigurationName = Release;
		};
/* End XCConfigurationList section */
	};
	rootObject = 04496AF61F1EF2D80025190A /* Project object */;
}
